// !$*UTF8*$!
{
	archiveVersion = 1;
	classes = {
	};
	objectVersion = 50;
	objects = {

/* Begin PBXBuildFile section */
		24A4B11F214798B600EA584C /* AppDelegate.m in Sources */ = {isa = PBXBuildFile; fileRef = 24A4B11E214798B600EA584C /* AppDelegate.m */; };
		24A4B122214798B600EA584C /* ViewController.m in Sources */ = {isa = PBXBuildFile; fileRef = 24A4B121214798B600EA584C /* ViewController.m */; };
		24A4B125214798B600EA584C /* Main.storyboard in Resources */ = {isa = PBXBuildFile; fileRef = 24A4B123214798B600EA584C /* Main.storyboard */; };
		24A4B128214798B600EA584C /* coreDataDemo.xcdatamodeld in Sources */ = {isa = PBXBuildFile; fileRef = 24A4B126214798B600EA584C /* coreDataDemo.xcdatamodeld */; };
		24A4B12A214798B800EA584C /* Assets.xcassets in Resources */ = {isa = PBXBuildFile; fileRef = 24A4B129214798B800EA584C /* Assets.xcassets */; };
		24A4B12D214798B800EA584C /* LaunchScreen.storyboard in Resources */ = {isa = PBXBuildFile; fileRef = 24A4B12B214798B800EA584C /* LaunchScreen.storyboard */; };
		24A4B130214798B800EA584C /* main.m in Sources */ = {isa = PBXBuildFile; fileRef = 24A4B12F214798B800EA584C /* main.m */; };
		24A4B13E2148A23200EA584C /* CoreDataShareManage.m in Sources */ = {isa = PBXBuildFile; fileRef = 24A4B13D2148A23200EA584C /* CoreDataShareManage.m */; };
		24A4B1432148B4E800EA584C /* Student+CoreDataClass.m in Sources */ = {isa = PBXBuildFile; fileRef = 24A4B1412148B4E800EA584C /* Student+CoreDataClass.m */; };
		24A4B1442148B4E800EA584C /* Student+CoreDataProperties.m in Sources */ = {isa = PBXBuildFile; fileRef = 24A4B1422148B4E800EA584C /* Student+CoreDataProperties.m */; };
/* End PBXBuildFile section */

/* Begin PBXFileReference section */
		24A4B11A214798B600EA584C /* coreDataDemo.app */ = {isa = PBXFileReference; explicitFileType = wrapper.application; includeInIndex = 0; path = coreDataDemo.app; sourceTree = BUILT_PRODUCTS_DIR; };
		24A4B11D214798B600EA584C /* AppDelegate.h */ = {isa = PBXFileReference; lastKnownFileType = sourcecode.c.h; path = AppDelegate.h; sourceTree = "<group>"; };
		24A4B11E214798B600EA584C /* AppDelegate.m */ = {isa = PBXFileReference; lastKnownFileType = sourcecode.c.objc; path = AppDelegate.m; sourceTree = "<group>"; };
		24A4B120214798B600EA584C /* ViewController.h */ = {isa = PBXFileReference; lastKnownFileType = sourcecode.c.h; path = ViewController.h; sourceTree = "<group>"; };
		24A4B121214798B600EA584C /* ViewController.m */ = {isa = PBXFileReference; lastKnownFileType = sourcecode.c.objc; path = ViewController.m; sourceTree = "<group>"; };
		24A4B124214798B600EA584C /* Base */ = {isa = PBXFileReference; lastKnownFileType = file.storyboard; name = Base; path = Base.lproj/Main.storyboard; sourceTree = "<group>"; };
		24A4B127214798B600EA584C /* coreDataDemo.xcdatamodel */ = {isa = PBXFileReference; lastKnownFileType = wrapper.xcdatamodel; path = coreDataDemo.xcdatamodel; sourceTree = "<group>"; };
		24A4B129214798B800EA584C /* Assets.xcassets */ = {isa = PBXFileReference; lastKnownFileType = folder.assetcatalog; path = Assets.xcassets; sourceTree = "<group>"; };
		24A4B12C214798B800EA584C /* Base */ = {isa = PBXFileReference; lastKnownFileType = file.storyboard; name = Base; path = Base.lproj/LaunchScreen.storyboard; sourceTree = "<group>"; };
		24A4B12E214798B800EA584C /* Info.plist */ = {isa = PBXFileReference; lastKnownFileType = text.plist.xml; path = Info.plist; sourceTree = "<group>"; };
		24A4B12F214798B800EA584C /* main.m */ = {isa = PBXFileReference; lastKnownFileType = sourcecode.c.objc; path = main.m; sourceTree = "<group>"; };
		24A4B13C2148A23200EA584C /* CoreDataShareManage.h */ = {isa = PBXFileReference; lastKnownFileType = sourcecode.c.h; path = CoreDataShareManage.h; sourceTree = "<group>"; };
		24A4B13D2148A23200EA584C /* CoreDataShareManage.m */ = {isa = PBXFileReference; lastKnownFileType = sourcecode.c.objc; path = CoreDataShareManage.m; sourceTree = "<group>"; };
		24A4B13F2148B4E800EA584C /* Student+CoreDataProperties.h */ = {isa = PBXFileReference; lastKnownFileType = sourcecode.c.h; name = "Student+CoreDataProperties.h"; path = "coreDataDemo/Student+CoreDataProperties.h"; sourceTree = "<group>"; };
		24A4B1402148B4E800EA584C /* Student+CoreDataClass.h */ = {isa = PBXFileReference; lastKnownFileType = sourcecode.c.h; name = "Student+CoreDataClass.h"; path = "coreDataDemo/Student+CoreDataClass.h"; sourceTree = "<group>"; };
		24A4B1412148B4E800EA584C /* Student+CoreDataClass.m */ = {isa = PBXFileReference; lastKnownFileType = sourcecode.c.objc; name = "Student+CoreDataClass.m"; path = "coreDataDemo/Student+CoreDataClass.m"; sourceTree = "<group>"; };
		24A4B1422148B4E800EA584C /* Student+CoreDataProperties.m */ = {isa = PBXFileReference; lastKnownFileType = sourcecode.c.objc; name = "Student+CoreDataProperties.m"; path = "coreDataDemo/Student+CoreDataProperties.m"; sourceTree = "<group>"; };
/* End PBXFileReference section */

/* Begin PBXFrameworksBuildPhase section */
		24A4B117214798B600EA584C /* Frameworks */ = {
			isa = PBXFrameworksBuildPhase;
			buildActionMask = 2147483647;
			files = (
			);
			runOnlyForDeploymentPostprocessing = 0;
		};
/* End PBXFrameworksBuildPhase section */

/* Begin PBXGroup section */
		24A4B111214798B600EA584C = {
			isa = PBXGroup;
			children = (
				24A4B13F2148B4E800EA584C /* Student+CoreDataProperties.h */,
				24A4B1402148B4E800EA584C /* Student+CoreDataClass.h */,
				24A4B1412148B4E800EA584C /* Student+CoreDataClass.m */,
				24A4B1422148B4E800EA584C /* Student+CoreDataProperties.m */,
				24A4B11C214798B600EA584C /* coreDataDemo */,
				24A4B11B214798B600EA584C /* Products */,
			);
			sourceTree = "<group>";
		};
		24A4B11B214798B600EA584C /* Products */ = {
			isa = PBXGroup;
			children = (
				24A4B11A214798B600EA584C /* coreDataDemo.app */,
			);
			name = Products;
			sourceTree = "<group>";
		};
		24A4B11C214798B600EA584C /* coreDataDemo */ = {
			isa = PBXGroup;
			children = (
				24A4B11D214798B600EA584C /* AppDelegate.h */,
				24A4B11E214798B600EA584C /* AppDelegate.m */,
				24A4B120214798B600EA584C /* ViewController.h */,
				24A4B121214798B600EA584C /* ViewController.m */,
				24A4B13C2148A23200EA584C /* CoreDataShareManage.h */,
				24A4B13D2148A23200EA584C /* CoreDataShareManage.m */,
				24A4B123214798B600EA584C /* Main.storyboard */,
				24A4B129214798B800EA584C /* Assets.xcassets */,
				24A4B12B214798B800EA584C /* LaunchScreen.storyboard */,
				24A4B12E214798B800EA584C /* Info.plist */,
				24A4B12F214798B800EA584C /* main.m */,
				24A4B126214798B600EA584C /* coreDataDemo.xcdatamodeld */,
			);
			path = coreDataDemo;
			sourceTree = "<group>";
		};
/* End PBXGroup section */

/* Begin PBXNativeTarget section */
		24A4B119214798B600EA584C /* coreDataDemo */ = {
			isa = PBXNativeTarget;
			buildConfigurationList = 24A4B133214798B800EA584C /* Build configuration list for PBXNativeTarget "coreDataDemo" */;
			buildPhases = (
				24A4B116214798B600EA584C /* Sources */,
				24A4B117214798B600EA584C /* Frameworks */,
				24A4B118214798B600EA584C /* Resources */,
			);
			buildRules = (
			);
			dependencies = (
			);
			name = coreDataDemo;
			productName = coreDataDemo;
			productReference = 24A4B11A214798B600EA584C /* coreDataDemo.app */;
			productType = "com.apple.product-type.application";
		};
/* End PBXNativeTarget section */

/* Begin PBXProject section */
		24A4B112214798B600EA584C /* Project object */ = {
			isa = PBXProject;
			attributes = {
				LastUpgradeCheck = 0930;
				ORGANIZATIONNAME = CXZ;
				TargetAttributes = {
					24A4B119214798B600EA584C = {
						CreatedOnToolsVersion = 9.3;
					};
				};
			};
			buildConfigurationList = 24A4B115214798B600EA584C /* Build configuration list for PBXProject "coreDataDemo" */;
			compatibilityVersion = "Xcode 9.3";
			developmentRegion = en;
			hasScannedForEncodings = 0;
			knownRegions = (
				en,
				Base,
			);
			mainGroup = 24A4B111214798B600EA584C;
			productRefGroup = 24A4B11B214798B600EA584C /* Products */;
			projectDirPath = "";
			projectRoot = "";
			targets = (
				24A4B119214798B600EA584C /* coreDataDemo */,
			);
		};
/* End PBXProject section */

/* Begin PBXResourcesBuildPhase section */
		24A4B118214798B600EA584C /* Resources */ = {
			isa = PBXResourcesBuildPhase;
			buildActionMask = 2147483647;
			files = (
				24A4B12D214798B800EA584C /* LaunchScreen.storyboard in Resources */,
				24A4B12A214798B800EA584C /* Assets.xcassets in Resources */,
				24A4B125214798B600EA584C /* Main.storyboard in Resources */,
			);
			runOnlyForDeploymentPostprocessing = 0;
		};
/* End PBXResourcesBuildPhase section */

/* Begin PBXSourcesBuildPhase section */
		24A4B116214798B600EA584C /* Sources */ = {
			isa = PBXSourcesBuildPhase;
			buildActionMask = 2147483647;
			files = (
				24A4B128214798B600EA584C /* coreDataDemo.xcdatamodeld in Sources */,
				24A4B1432148B4E800EA584C /* Student+CoreDataClass.m in Sources */,
				24A4B122214798B600EA584C /* ViewController.m in Sources */,
				24A4B130214798B800EA584C /* main.m in Sources */,
				24A4B13E2148A23200EA584C /* CoreDataShareManage.m in Sources */,
				24A4B1442148B4E800EA584C /* Student+CoreDataProperties.m in Sources */,
				24A4B11F214798B600EA584C /* AppDelegate.m in Sources */,
			);
			runOnlyForDeploymentPostprocessing = 0;
		};
/* End PBXSourcesBuildPhase section */

/* Begin PBXVariantGroup section */
		24A4B123214798B600EA584C /* Main.storyboard */ = {
			isa = PBXVariantGroup;
			children = (
				24A4B124214798B600EA584C /* Base */,
			);
			name = Main.storyboard;
			sourceTree = "<group>";
		};
		24A4B12B214798B800EA584C /* LaunchScreen.storyboard */ = {
			isa = PBXVariantGroup;
			children = (
				24A4B12C214798B800EA584C /* Base */,
			);
			name = LaunchScreen.storyboard;
			sourceTree = "<group>";
		};
/* End PBXVariantGroup section */

/* Begin XCBuildConfiguration section */
		24A4B131214798B800EA584C /* Debug */ = {
			isa = XCBuildConfiguration;
			buildSettings = {
				ALWAYS_SEARCH_USER_PATHS = NO;
				CLANG_ANALYZER_NONNULL = YES;
				CLANG_ANALYZER_NUMBER_OBJECT_CONVERSION = YES_AGGRESSIVE;
				CLANG_CXX_LANGUAGE_STANDARD = "gnu++14";
				CLANG_CXX_LIBRARY = "libc++";
				CLANG_ENABLE_MODULES = YES;
				CLANG_ENABLE_OBJC_ARC = YES;
				CLANG_ENABLE_OBJC_WEAK = YES;
				CLANG_WARN_BLOCK_CAPTURE_AUTORELEASING = YES;
				CLANG_WARN_BOOL_CONVERSION = YES;
				CLANG_WARN_COMMA = YES;
				CLANG_WARN_CONSTANT_CONVERSION = YES;
				CLANG_WARN_DEPRECATED_OBJC_IMPLEMENTATIONS = YES;
				CLANG_WARN_DIRECT_OBJC_ISA_USAGE = YES_ERROR;
				CLANG_WARN_DOCUMENTATION_COMMENTS = YES;
				CLANG_WARN_EMPTY_BODY = YES;
				CLANG_WARN_ENUM_CONVERSION = YES;
				CLANG_WARN_INFINITE_RECURSION = YES;
				CLANG_WARN_INT_CONVERSION = YES;
				CLANG_WARN_NON_LITERAL_NULL_CONVERSION = YES;
				CLANG_WARN_OBJC_IMPLICIT_RETAIN_SELF = YES;
				CLANG_WARN_OBJC_LITERAL_CONVERSION = YES;
				CLANG_WARN_OBJC_ROOT_CLASS = YES_ERROR;
				CLANG_WARN_RANGE_LOOP_ANALYSIS = YES;
				CLANG_WARN_STRICT_PROTOTYPES = YES;
				CLANG_WARN_SUSPICIOUS_MOVE = YES;
				CLANG_WARN_UNGUARDED_AVAILABILITY = YES_AGGRESSIVE;
				CLANG_WARN_UNREACHABLE_CODE = YES;
				CLANG_WARN__DUPLICATE_METHOD_MATCH = YES;
				CODE_SIGN_IDENTITY = "iPhone Developer";
				COPY_PHASE_STRIP = NO;
				DEBUG_INFORMATION_FORMAT = dwarf;
				ENABLE_STRICT_OBJC_MSGSEND = YES;
				ENABLE_TESTABILITY = YES;
				GCC_C_LANGUAGE_STANDARD = gnu11;
				GCC_DYNAMIC_NO_PIC = NO;
				GCC_NO_COMMON_BLOCKS = YES;
				GCC_OPTIMIZATION_LEVEL = 0;
				GCC_PREPROCESSOR_DEFINITIONS = (
					"DEBUG=1",
					"$(inherited)",
				);
				GCC_WARN_64_TO_32_BIT_CONVERSION = YES;
				GCC_WARN_ABOUT_RETURN_TYPE = YES_ERROR;
				GCC_WARN_UNDECLARED_SELECTOR = YES;
				GCC_WARN_UNINITIALIZED_AUTOS = YES_AGGRESSIVE;
				GCC_WARN_UNUSED_FUNCTION = YES;
				GCC_WARN_UNUSED_VARIABLE = YES;
				IPHONEOS_DEPLOYMENT_TARGET = 11.3;
				MTL_ENABLE_DEBUG_INFO = YES;
				ONLY_ACTIVE_ARCH = YES;
				SDKROOT = iphoneos;
			};
			name = Debug;
		};
		24A4B132214798B800EA584C /* Release */ = {
			isa = XCBuildConfiguration;
			buildSettings = {
				ALWAYS_SEARCH_USER_PATHS = NO;
				CLANG_ANALYZER_NONNULL = YES;
				CLANG_ANALYZER_NUMBER_OBJECT_CONVERSION = YES_AGGRESSIVE;
				CLANG_CXX_LANGUAGE_STANDARD = "gnu++14";
				CLANG_CXX_LIBRARY = "libc++";
				CLANG_ENABLE_MODULES = YES;
				CLANG_ENABLE_OBJC_ARC = YES;
				CLANG_ENABLE_OBJC_WEAK = YES;
				CLANG_WARN_BLOCK_CAPTURE_AUTORELEASING = YES;
				CLANG_WARN_BOOL_CONVERSION = YES;
				CLANG_WARN_COMMA = YES;
				CLANG_WARN_CONSTANT_CONVERSION = YES;
				CLANG_WARN_DEPRECATED_OBJC_IMPLEMENTATIONS = YES;
				CLANG_WARN_DIRECT_OBJC_ISA_USAGE = YES_ERROR;
				CLANG_WARN_DOCUMENTATION_COMMENTS = YES;
				CLANG_WARN_EMPTY_BODY = YES;
				CLANG_WARN_ENUM_CONVERSION = YES;
				CLANG_WARN_INFINITE_RECURSION = YES;
				CLANG_WARN_INT_CONVERSION = YES;
				CLANG_WARN_NON_LITERAL_NULL_CONVERSION = YES;
				CLANG_WARN_OBJC_IMPLICIT_RETAIN_SELF = YES;
				CLANG_WARN_OBJC_LITERAL_CONVERSION = YES;
				CLANG_WARN_OBJC_ROOT_CLASS = YES_ERROR;
				CLANG_WARN_RANGE_LOOP_ANALYSIS = YES;
				CLANG_WARN_STRICT_PROTOTYPES = YES;
				CLANG_WARN_SUSPICIOUS_MOVE = YES;
				CLANG_WARN_UNGUARDED_AVAILABILITY = YES_AGGRESSIVE;
				CLANG_WARN_UNREACHABLE_CODE = YES;
				CLANG_WARN__DUPLICATE_METHOD_MATCH = YES;
				CODE_SIGN_IDENTITY = "iPhone Developer";
				COPY_PHASE_STRIP = NO;
				DEBUG_INFORMATION_FORMAT = "dwarf-with-dsym";
				ENABLE_NS_ASSERTIONS = NO;
				ENABLE_STRICT_OBJC_MSGSEND = YES;
				GCC_C_LANGUAGE_STANDARD = gnu11;
				GCC_NO_COMMON_BLOCKS = YES;
				GCC_WARN_64_TO_32_BIT_CONVERSION = YES;
				GCC_WARN_ABOUT_RETURN_TYPE = YES_ERROR;
				GCC_WARN_UNDECLARED_SELECTOR = YES;
				GCC_WARN_UNINITIALIZED_AUTOS = YES_AGGRESSIVE;
				GCC_WARN_UNUSED_FUNCTION = YES;
				GCC_WARN_UNUSED_VARIABLE = YES;
				IPHONEOS_DEPLOYMENT_TARGET = 11.3;
				MTL_ENABLE_DEBUG_INFO = NO;
				SDKROOT = iphoneos;
				VALIDATE_PRODUCT = YES;
			};
			name = Release;
		};
		24A4B134214798B800EA584C /* Debug */ = {
			isa = XCBuildConfiguration;
			buildSettings = {
				ASSETCATALOG_COMPILER_APPICON_NAME = AppIcon;
				CODE_SIGN_STYLE = Automatic;
				DEVELOPMENT_TEAM = 39A43M6AT5;
				INFOPLIST_FILE = coreDataDemo/Info.plist;
				LD_RUNPATH_SEARCH_PATHS = (
					"$(inherited)",
					"@executable_path/Frameworks",
				);
				PRODUCT_BUNDLE_IDENTIFIER = com.CXZ.project.coreDataDemo;
				PRODUCT_NAME = "$(TARGET_NAME)";
				TARGETED_DEVICE_FAMILY = "1,2";
			};
			name = Debug;
		};
		24A4B135214798B800EA584C /* Release */ = {
			isa = XCBuildConfiguration;
			buildSettings = {
				ASSETCATALOG_COMPILER_APPICON_NAME = AppIcon;
				CODE_SIGN_STYLE = Automatic;
				DEVELOPMENT_TEAM = 39A43M6AT5;
				INFOPLIST_FILE = coreDataDemo/Info.plist;
				LD_RUNPATH_SEARCH_PATHS = (
					"$(inherited)",
					"@executable_path/Frameworks",
				);
				PRODUCT_BUNDLE_IDENTIFIER = com.CXZ.project.coreDataDemo;
				PRODUCT_NAME = "$(TARGET_NAME)";
				TARGETED_DEVICE_FAMILY = "1,2";
			};
			name = Release;
		};
/* End XCBuildConfiguration section */

/* Begin XCConfigurationList section */
		24A4B115214798B600EA584C /* Build configuration list for PBXProject "coreDataDemo" */ = {
			isa = XCConfigurationList;
			buildConfigurations = (
				24A4B131214798B800EA584C /* Debug */,
				24A4B132214798B800EA584C /* Release */,
			);
			defaultConfigurationIsVisible = 0;
			defaultConfigurationName = Release;
		};
		24A4B133214798B800EA584C /* Build configuration list for PBXNativeTarget "coreDataDemo" */ = {
			isa = XCConfigurationList;
			buildConfigurations = (
				24A4B134214798B800EA584C /* Debug */,
				24A4B135214798B800EA584C /* Release */,
			);
			defaultConfigurationIsVisible = 0;
			defaultConfigurationName = Release;
		};
/* End XCConfigurationList section */

/* Begin XCVersionGroup section */
		24A4B126214798B600EA584C /* coreDataDemo.xcdatamodeld */ = {
			isa = XCVersionGroup;
			children = (
				24A4B127214798B600EA584C /* coreDataDemo.xcdatamodel */,
			);
			currentVersion = 24A4B127214798B600EA584C /* coreDataDemo.xcdatamodel */;
			path = coreDataDemo.xcdatamodeld;
			sourceTree = "<group>";
			versionGroupType = wrapper.xcdatamodel;
		};
/* End XCVersionGroup section */
	};
	rootObject = 24A4B112214798B600EA584C /* Project object */;
}
